
Microsoft Visual Studio Solution File, Format Version 12.00
# Visual Studio Version 16
VisualStudioVersion = 16.0.31005.135
MinimumVisualStudioVersion = 15.0.26124.0
Project("{9A19103F-16F7-4668-BE54-9A1E7A4F7556}") = "test", "test\test.csproj", "{4EE2217E-FFA6-4B58-A55A-605E01676970}"
EndProject
Project("{9A19103F-16F7-4668-BE54-9A1E7A4F7556}") = "PhotoGalleryCore", "PhotoGalleryCore\PhotoGalleryCore.csproj", "{586BBE2D-FC9D-49DC-BC31-7B79CDBEB01C}"
EndProject
Global
	GlobalSection(SolutionConfigurationPlatforms) = preSolution
		Debug|Any CPU = Debug|Any CPU
		Debug|x64 = Debug|x64
		Debug|x86 = Debug|x86
		Release|Any CPU = Release|Any CPU
		Release|x64 = Release|x64
		Release|x86 = Release|x86
	EndGlobalSection
	GlobalSection(ProjectConfigurationPlatforms) = postSolution
		{4EE2217E-FFA6-4B58-A55A-605E01676970}.Debug|Any CPU.ActiveCfg = Debug|Any CPU
		{4EE2217E-FFA6-4B58-A55A-605E01676970}.Debug|Any CPU.Build.0 = Debug|Any CPU
		{4EE2217E-FFA6-4B58-A55A-605E01676970}.Debug|x64.ActiveCfg = Debug|Any CPU
		{4EE2217E-FFA6-4B58-A55A-605E01676970}.Debug|x64.Build.0 = Debug|Any CPU
		{4EE2217E-FFA6-4B58-A55A-605E01676970}.Debug|x86.ActiveCfg = Debug|Any CPU
		{4EE2217E-FFA6-4B58-A55A-605E01676970}.Debug|x86.Build.0 = Debug|Any CPU
		{4EE2217E-FFA6-4B58-A55A-605E01676970}.Release|Any CPU.ActiveCfg = Release|Any CPU
		{4EE2217E-FFA6-4B58-A55A-605E01676970}.Release|Any CPU.Build.0 = Release|Any CPU
		{4EE2217E-FFA6-4B58-A55A-605E01676970}.Release|x64.ActiveCfg = Release|Any CPU
		{4EE2217E-FFA6-4B58-A55A-605E01676970}.Release|x64.Build.0 = Release|Any CPU
		{4EE2217E-FFA6-4B58-A55A-605E01676970}.Release|x86.ActiveCfg = Release|Any CPU
		{4EE2217E-FFA6-4B58-A55A-605E01676970}.Release|x86.Build.0 = Release|Any CPU
		{586BBE2D-FC9D-49DC-BC31-7B79CDBEB01C}.Debug|Any CPU.ActiveCfg = Debug|Any CPU
		{586BBE2D-FC9D-49DC-BC31-7B79CDBEB01C}.Debug|Any CPU.Build.0 = Debug|Any CPU
		{586BBE2D-FC9D-49DC-BC31-7B79CDBEB01C}.Debug|x64.ActiveCfg = Debug|Any CPU
		{586BBE2D-FC9D-49DC-BC31-7B79CDBEB01C}.Debug|x64.Build.0 = Debug|Any CPU
		{586BBE2D-FC9D-49DC-BC31-7B79CDBEB01C}.Debug|x86.ActiveCfg = Debug|Any CPU
		{586BBE2D-FC9D-49DC-BC31-7B79CDBEB01C}.Debug|x86.Build.0 = Debug|Any CPU
		{586BBE2D-FC9D-49DC-BC31-7B79CDBEB01C}.Release|Any CPU.ActiveCfg = Release|Any CPU
		{586BBE2D-FC9D-49DC-BC31-7B79CDBEB01C}.Release|Any CPU.Build.0 = Release|Any CPU
		{586BBE2D-FC9D-49DC-BC31-7B79CDBEB01C}.Release|x64.ActiveCfg = Release|Any CPU
		{586BBE2D-FC9D-49DC-BC31-7B79CDBEB01C}.Release|x64.Build.0 = Release|Any CPU
		{586BBE2D-FC9D-49DC-BC31-7B79CDBEB01C}.Release|x86.ActiveCfg = Release|Any CPU
		{586BBE2D-FC9D-49DC-BC31-7B79CDBEB01C}.Release|x86.Build.0 = Release|Any CPU
	EndGlobalSection
	GlobalSection(SolutionProperties) = preSolution
		HideSolutionNode = FALSE
	EndGlobalSection
	GlobalSection(ExtensibilityGlobals) = postSolution
		SolutionGuid = {D4E8A35D-81A0-4FB0-843F-ACDBF1AF2858}
	EndGlobalSection
EndGlobal
